// !$*UTF8*$!
{
	archiveVersion = 1;
	classes = {
	};
	objectVersion = 77;
	objects = {

/* Begin PBXBuildFile section */
		5B7BD24B2F4F35C000F1896D /* Area.swift in Sources */ = {isa = PBXBuildFile; fileRef = 5B7BD24A2F4F35C000F1896D /* Area.swift */; };
		5B7CDA2D2F4CE15500530F8B /* BundleLoader.swift in Sources */ = {isa = PBXBuildFile; fileRef = 5B7CDA2C2F4CE15500530F8B /* BundleLoader.swift */; };
		5B7CDA2F2F4CE19D00530F8B /* AppStore.swift in Sources */ = {isa = PBXBuildFile; fileRef = 5B7CDA2E2F4CE19D00530F8B /* AppStore.swift */; };
		5B7CDA312F4CE1F000530F8B /* questions.json in Sources */ = {isa = PBXBuildFile; fileRef = 5B7CDA302F4CE1E600530F8B /* questions.json */; };
		5B7CDA332F4CE25700530F8B /* RootTabView.swift in Sources */ = {isa = PBXBuildFile; fileRef = 5B7CDA322F4CE25700530F8B /* RootTabView.swift */; };
		5B7CDA352F4CE30400530F8B /* LearnView.swift in Sources */ = {isa = PBXBuildFile; fileRef = 5B7CDA342F4CE30400530F8B /* LearnView.swift */; };
		5B7CDA372F4CE33800530F8B /* ExamView.swift in Sources */ = {isa = PBXBuildFile; fileRef = 5B7CDA362F4CE33800530F8B /* ExamView.swift */; };
		5B7CDA392F4CE37600530F8B /* WeaknessView.swift in Sources */ = {isa = PBXBuildFile; fileRef = 5B7CDA382F4CE37600530F8B /* WeaknessView.swift */; };
		5B7CDA3B2F4CE3AD00530F8B /* ProfileView.swift in Sources */ = {isa = PBXBuildFile; fileRef = 5B7CDA3A2F4CE3AD00530F8B /* ProfileView.swift */; };
		5B7CDA3D2F4CE7CE00530F8B /* FabCoachProApp.swift in Sources */ = {isa = PBXBuildFile; fileRef = 5B7CDA3C2F4CE7CE00530F8B /* FabCoachProApp.swift */; };
		5B8CE0BA2F50144300BEEFC9 /* questions.json in Resources */ = {isa = PBXBuildFile; fileRef = 5B7CDA302F4CE1E600530F8B /* questions.json */; };
		5BEA6C5E2F4DE47200A8D222 /* QuestionCardView.swift in Sources */ = {isa = PBXBuildFile; fileRef = 5BEA6C5D2F4DE47200A8D222 /* QuestionCardView.swift */; };
		5BEA6C602F4ED9AA00A8D222 /* Question.swift in Sources */ = {isa = PBXBuildFile; fileRef = 5BEA6C5F2F4ED9AA00A8D222 /* Question.swift */; };
/* End PBXBuildFile section */

/* Begin PBXFileReference section */
		5B7BD24A2F4F35C000F1896D /* Area.swift */ = {isa = PBXFileReference; lastKnownFileType = sourcecode.swift; path = Area.swift; sourceTree = "<group>"; };
		5B7CDA142F4CD79700530F8B /* FabCoachPro.app */ = {isa = PBXFileReference; explicitFileType = wrapper.application; includeInIndex = 0; path = FabCoachPro.app; sourceTree = BUILT_PRODUCTS_DIR; };
		5B7CDA2C2F4CE15500530F8B /* BundleLoader.swift */ = {isa = PBXFileReference; lastKnownFileType = sourcecode.swift; path = BundleLoader.swift; sourceTree = "<group>"; };
		5B7CDA2E2F4CE19D00530F8B /* AppStore.swift */ = {isa = PBXFileReference; lastKnownFileType = sourcecode.swift; path = AppStore.swift; sourceTree = "<group>"; };
		5B7CDA302F4CE1E600530F8B /* questions.json */ = {isa = PBXFileReference; lastKnownFileType = text.json; path = questions.json; sourceTree = "<group>"; };
		5B7CDA322F4CE25700530F8B /* RootTabView.swift */ = {isa = PBXFileReference; lastKnownFileType = sourcecode.swift; path = RootTabView.swift; sourceTree = "<group>"; };
		5B7CDA342F4CE30400530F8B /* LearnView.swift */ = {isa = PBXFileReference; lastKnownFileType = sourcecode.swift; path = LearnView.swift; sourceTree = "<group>"; };
		5B7CDA362F4CE33800530F8B /* ExamView.swift */ = {isa = PBXFileReference; lastKnownFileType = sourcecode.swift; path = ExamView.swift; sourceTree = "<group>"; };
		5B7CDA382F4CE37600530F8B /* WeaknessView.swift */ = {isa = PBXFileReference; lastKnownFileType = sourcecode.swift; path = WeaknessView.swift; sourceTree = "<group>"; };
		5B7CDA3A2F4CE3AD00530F8B /* ProfileView.swift */ = {isa = PBXFileReference; lastKnownFileType = sourcecode.swift; path = ProfileView.swift; sourceTree = "<group>"; };
		5B7CDA3C2F4CE7CE00530F8B /* FabCoachProApp.swift */ = {isa = PBXFileReference; lastKnownFileType = sourcecode.swift; path = FabCoachProApp.swift; sourceTree = "<group>"; };
		5BEA6C5D2F4DE47200A8D222 /* QuestionCardView.swift */ = {isa = PBXFileReference; lastKnownFileType = sourcecode.swift; path = QuestionCardView.swift; sourceTree = "<group>"; };
		5BEA6C5F2F4ED9AA00A8D222 /* Question.swift */ = {isa = PBXFileReference; lastKnownFileType = sourcecode.swift; path = Question.swift; sourceTree = "<group>"; };
/* End PBXFileReference section */

/* Begin PBXFrameworksBuildPhase section */
		5B7CDA112F4CD79700530F8B /* Frameworks */ = {
			isa = PBXFrameworksBuildPhase;
			buildActionMask = 2147483647;
			files = (
			);
			runOnlyForDeploymentPostprocessing = 0;
		};
/* End PBXFrameworksBuildPhase section */

/* Begin PBXGroup section */
		5B7CDA0B2F4CD79700530F8B = {
			isa = PBXGroup;
			children = (
				5B7CDA152F4CD79700530F8B /* Products */,
				5B7CDA242F4CDF6100530F8B /* FabCoachPro */,
			);
			sourceTree = "<group>";
		};
		5B7CDA152F4CD79700530F8B /* Products */ = {
			isa = PBXGroup;
			children = (
				5B7CDA142F4CD79700530F8B /* FabCoachPro.app */,
			);
			name = Products;
			sourceTree = "<group>";
		};
		5B7CDA242F4CDF6100530F8B /* FabCoachPro */ = {
			isa = PBXGroup;
			children = (
				5B7CDA282F4CDFDA00530F8B /* Views */,
				5B7CDA272F4CDFBA00530F8B /* ViewModels */,
				5B7CDA262F4CDF8E00530F8B /* Data */,
				5B7CDA252F4CDF7900530F8B /* Models */,
				5B7CDA3C2F4CE7CE00530F8B /* FabCoachProApp.swift */,
			);
			path = FabCoachPro;
			sourceTree = "<group>";
		};
		5B7CDA252F4CDF7900530F8B /* Models */ = {
			isa = PBXGroup;
			children = (
				5BEA6C5F2F4ED9AA00A8D222 /* Question.swift */,
				5B7BD24A2F4F35C000F1896D /* Area.swift */,
			);
			path = Models;
			sourceTree = "<group>";
		};
		5B7CDA262F4CDF8E00530F8B /* Data */ = {
			isa = PBXGroup;
			children = (
				5B7CDA2C2F4CE15500530F8B /* BundleLoader.swift */,
				5B7CDA302F4CE1E600530F8B /* questions.json */,
			);
			path = Data;
			sourceTree = "<group>";
		};
		5B7CDA272F4CDFBA00530F8B /* ViewModels */ = {
			isa = PBXGroup;
			children = (
				5B7CDA2E2F4CE19D00530F8B /* AppStore.swift */,
			);
			path = ViewModels;
			sourceTree = "<group>";
		};
		5B7CDA282F4CDFDA00530F8B /* Views */ = {
			isa = PBXGroup;
			children = (
				5B7CDA322F4CE25700530F8B /* RootTabView.swift */,
				5B7CDA342F4CE30400530F8B /* LearnView.swift */,
				5B7CDA362F4CE33800530F8B /* ExamView.swift */,
				5B7CDA382F4CE37600530F8B /* WeaknessView.swift */,
				5B7CDA3A2F4CE3AD00530F8B /* ProfileView.swift */,
				5BEA6C5D2F4DE47200A8D222 /* QuestionCardView.swift */,
			);
			path = Views;
			sourceTree = "<group>";
		};
/* End PBXGroup section */

/* Begin PBXNativeTarget section */
		5B7CDA132F4CD79700530F8B /* FabCoachPro */ = {
			isa = PBXNativeTarget;
			buildConfigurationList = 5B7CDA1F2F4CD79A00530F8B /* Build configuration list for PBXNativeTarget "FabCoachPro" */;
			buildPhases = (
				5B7CDA102F4CD79700530F8B /* Sources */,
				5B7CDA112F4CD79700530F8B /* Frameworks */,
				5B7CDA122F4CD79700530F8B /* Resources */,
			);
			buildRules = (
			);
			dependencies = (
			);
			name = FabCoachPro;
			packageProductDependencies = (
			);
			productName = FabCoachPro;
			productReference = 5B7CDA142F4CD79700530F8B /* FabCoachPro.app */;
			productType = "com.apple.product-type.application";
		};
/* End PBXNativeTarget section */

/* Begin PBXProject section */
		5B7CDA0C2F4CD79700530F8B /* Project object */ = {
			isa = PBXProject;
			attributes = {
				BuildIndependentTargetsInParallel = 1;
				LastSwiftUpdateCheck = 2620;
				LastUpgradeCheck = 2620;
				TargetAttributes = {
					5B7CDA132F4CD79700530F8B = {
						CreatedOnToolsVersion = 26.2;
						LastSwiftMigration = 2620;
					};
				};
			};
			buildConfigurationList = 5B7CDA0F2F4CD79700530F8B /* Build configuration list for PBXProject "FabCoachPro" */;
			developmentRegion = en;
			hasScannedForEncodings = 0;
			knownRegions = (
				en,
				Base,
			);
			mainGroup = 5B7CDA0B2F4CD79700530F8B;
			minimizedProjectReferenceProxies = 1;
			preferredProjectObjectVersion = 77;
			productRefGroup = 5B7CDA152F4CD79700530F8B /* Products */;
			projectDirPath = "";
			projectRoot = "";
			targets = (
				5B7CDA132F4CD79700530F8B /* FabCoachPro */,
			);
		};
/* End PBXProject section */

/* Begin PBXResourcesBuildPhase section */
		5B7CDA122F4CD79700530F8B /* Resources */ = {
			isa = PBXResourcesBuildPhase;
			buildActionMask = 2147483647;
			files = (
				5B8CE0BA2F50144300BEEFC9 /* questions.json in Resources */,
			);
			runOnlyForDeploymentPostprocessing = 0;
		};
/* End PBXResourcesBuildPhase section */

/* Begin PBXSourcesBuildPhase section */
		5B7CDA102F4CD79700530F8B /* Sources */ = {
			isa = PBXSourcesBuildPhase;
			buildActionMask = 2147483647;
			files = (
				5B7CDA372F4CE33800530F8B /* ExamView.swift in Sources */,
				5B7CDA3B2F4CE3AD00530F8B /* ProfileView.swift in Sources */,
				5B7CDA392F4CE37600530F8B /* WeaknessView.swift in Sources */,
				5B7CDA2F2F4CE19D00530F8B /* AppStore.swift in Sources */,
				5B7CDA352F4CE30400530F8B /* LearnView.swift in Sources */,
				5B7CDA332F4CE25700530F8B /* RootTabView.swift in Sources */,
				5B7CDA3D2F4CE7CE00530F8B /* FabCoachProApp.swift in Sources */,
				5B7CDA2D2F4CE15500530F8B /* BundleLoader.swift in Sources */,
				5B7CDA312F4CE1F000530F8B /* questions.json in Sources */,
				5BEA6C602F4ED9AA00A8D222 /* Question.swift in Sources */,
				5B7BD24B2F4F35C000F1896D /* Area.swift in Sources */,
				5BEA6C5E2F4DE47200A8D222 /* QuestionCardView.swift in Sources */,
			);
			runOnlyForDeploymentPostprocessing = 0;
		};
/* End PBXSourcesBuildPhase section */

/* Begin XCBuildConfiguration section */
		5B7CDA1D2F4CD79A00530F8B /* Debug */ = {
			isa = XCBuildConfiguration;
			buildSettings = {
				ALWAYS_SEARCH_USER_PATHS = NO;
				ASSETCATALOG_COMPILER_GENERATE_SWIFT_ASSET_SYMBOL_EXTENSIONS = YES;
				CLANG_ANALYZER_NONNULL = YES;
				CLANG_ANALYZER_NUMBER_OBJECT_CONVERSION = YES_AGGRESSIVE;
				CLANG_CXX_LANGUAGE_STANDARD = "gnu++20";
				CLANG_ENABLE_MODULES = YES;
				CLANG_ENABLE_OBJC_ARC = YES;
				CLANG_ENABLE_OBJC_WEAK = YES;
				CLANG_WARN_BLOCK_CAPTURE_AUTORELEASING = YES;
				CLANG_WARN_BOOL_CONVERSION = YES;
				CLANG_WARN_COMMA = YES;
				CLANG_WARN_CONSTANT_CONVERSION = YES;
				CLANG_WARN_DEPRECATED_OBJC_IMPLEMENTATIONS = YES;
				CLANG_WARN_DIRECT_OBJC_ISA_USAGE = YES_ERROR;
				CLANG_WARN_DOCUMENTATION_COMMENTS = YES;
				CLANG_WARN_EMPTY_BODY = YES;
				CLANG_WARN_ENUM_CONVERSION = YES;
				CLANG_WARN_INFINITE_RECURSION = YES;
				CLANG_WARN_INT_CONVERSION = YES;
				CLANG_WARN_NON_LITERAL_NULL_CONVERSION = YES;
				CLANG_WARN_OBJC_IMPLICIT_RETAIN_SELF = YES;
				CLANG_WARN_OBJC_LITERAL_CONVERSION = YES;
				CLANG_WARN_OBJC_ROOT_CLASS = YES_ERROR;
				CLANG_WARN_QUOTED_INCLUDE_IN_FRAMEWORK_HEADER = YES;
				CLANG_WARN_RANGE_LOOP_ANALYSIS = YES;
				CLANG_WARN_STRICT_PROTOTYPES = YES;
				CLANG_WARN_SUSPICIOUS_MOVE = YES;
				CLANG_WARN_UNGUARDED_AVAILABILITY = YES_AGGRESSIVE;
				CLANG_WARN_UNREACHABLE_CODE = YES;
				CLANG_WARN__DUPLICATE_METHOD_MATCH = YES;
				COPY_PHASE_STRIP = NO;
				DEBUG_INFORMATION_FORMAT = dwarf;
				DEVELOPMENT_TEAM = LMQ45AF7J7;
				ENABLE_STRICT_OBJC_MSGSEND = YES;
				ENABLE_TESTABILITY = YES;
				ENABLE_USER_SCRIPT_SANDBOXING = YES;
				GCC_C_LANGUAGE_STANDARD = gnu17;
				GCC_DYNAMIC_NO_PIC = NO;
				GCC_NO_COMMON_BLOCKS = YES;
				GCC_OPTIMIZATION_LEVEL = 0;
				GCC_PREPROCESSOR_DEFINITIONS = (
					"DEBUG=1",
					"$(inherited)",
				);
				GCC_WARN_64_TO_32_BIT_CONVERSION = YES;
				GCC_WARN_ABOUT_RETURN_TYPE = YES_ERROR;
				GCC_WARN_UNDECLARED_SELECTOR = YES;
				GCC_WARN_UNINITIALIZED_AUTOS = YES_AGGRESSIVE;
				GCC_WARN_UNUSED_FUNCTION = YES;
				GCC_WARN_UNUSED_VARIABLE = YES;
				IPHONEOS_DEPLOYMENT_TARGET = 26.2;
				LOCALIZATION_PREFERS_STRING_CATALOGS = YES;
				MTL_ENABLE_DEBUG_INFO = INCLUDE_SOURCE;
				MTL_FAST_MATH = YES;
				ONLY_ACTIVE_ARCH = YES;
				SDKROOT = iphoneos;
				SWIFT_ACTIVE_COMPILATION_CONDITIONS = "DEBUG $(inherited)";
				SWIFT_OPTIMIZATION_LEVEL = "-Onone";
			};
			name = Debug;
		};
		5B7CDA1E2F4CD79A00530F8B /* Release */ = {
			isa = XCBuildConfiguration;
			buildSettings = {
				ALWAYS_SEARCH_USER_PATHS = NO;
				ASSETCATALOG_COMPILER_GENERATE_SWIFT_ASSET_SYMBOL_EXTENSIONS = YES;
				CLANG_ANALYZER_NONNULL = YES;
				CLANG_ANALYZER_NUMBER_OBJECT_CONVERSION = YES_AGGRESSIVE;
				CLANG_CXX_LANGUAGE_STANDARD = "gnu++20";
				CLANG_ENABLE_MODULES = YES;
				CLANG_ENABLE_OBJC_ARC = YES;
				CLANG_ENABLE_OBJC_WEAK = YES;
				CLANG_WARN_BLOCK_CAPTURE_AUTORELEASING = YES;
				CLANG_WARN_BOOL_CONVERSION = YES;
				CLANG_WARN_COMMA = YES;
				CLANG_WARN_CONSTANT_CONVERSION = YES;
				CLANG_WARN_DEPRECATED_OBJC_IMPLEMENTATIONS = YES;
				CLANG_WARN_DIRECT_OBJC_ISA_USAGE = YES_ERROR;
				CLANG_WARN_DOCUMENTATION_COMMENTS = YES;
				CLANG_WARN_EMPTY_BODY = YES;
				CLANG_WARN_ENUM_CONVERSION = YES;
				CLANG_WARN_INFINITE_RECURSION = YES;
				CLANG_WARN_INT_CONVERSION = YES;
				CLANG_WARN_NON_LITERAL_NULL_CONVERSION = YES;
				CLANG_WARN_OBJC_IMPLICIT_RETAIN_SELF = YES;
				CLANG_WARN_OBJC_LITERAL_CONVERSION = YES;
				CLANG_WARN_OBJC_ROOT_CLASS = YES_ERROR;
				CLANG_WARN_QUOTED_INCLUDE_IN_FRAMEWORK_HEADER = YES;
				CLANG_WARN_RANGE_LOOP_ANALYSIS = YES;
				CLANG_WARN_STRICT_PROTOTYPES = YES;
				CLANG_WARN_SUSPICIOUS_MOVE = YES;
				CLANG_WARN_UNGUARDED_AVAILABILITY = YES_AGGRESSIVE;
				CLANG_WARN_UNREACHABLE_CODE = YES;
				CLANG_WARN__DUPLICATE_METHOD_MATCH = YES;
				COPY_PHASE_STRIP = NO;
				DEBUG_INFORMATION_FORMAT = "dwarf-with-dsym";
				DEVELOPMENT_TEAM = LMQ45AF7J7;
				ENABLE_NS_ASSERTIONS = NO;
				ENABLE_STRICT_OBJC_MSGSEND = YES;
				ENABLE_USER_SCRIPT_SANDBOXING = YES;
				GCC_C_LANGUAGE_STANDARD = gnu17;
				GCC_NO_COMMON_BLOCKS = YES;
				GCC_WARN_64_TO_32_BIT_CONVERSION = YES;
				GCC_WARN_ABOUT_RETURN_TYPE = YES_ERROR;
				GCC_WARN_UNDECLARED_SELECTOR = YES;
				GCC_WARN_UNINITIALIZED_AUTOS = YES_AGGRESSIVE;
				GCC_WARN_UNUSED_FUNCTION = YES;
				GCC_WARN_UNUSED_VARIABLE = YES;
				IPHONEOS_DEPLOYMENT_TARGET = 26.2;
				LOCALIZATION_PREFERS_STRING_CATALOGS = YES;
				MTL_ENABLE_DEBUG_INFO = NO;
				MTL_FAST_MATH = YES;
				SDKROOT = iphoneos;
				SWIFT_COMPILATION_MODE = wholemodule;
				VALIDATE_PRODUCT = YES;
			};
			name = Release;
		};
		5B7CDA202F4CD79A00530F8B /* Debug */ = {
			isa = XCBuildConfiguration;
			buildSettings = {
				ASSETCATALOG_COMPILER_APPICON_NAME = AppIcon;
				ASSETCATALOG_COMPILER_GLOBAL_ACCENT_COLOR_NAME = AccentColor;
				CLANG_ENABLE_MODULES = YES;
				CODE_SIGN_STYLE = Automatic;
				CURRENT_PROJECT_VERSION = 1;
				DEVELOPMENT_TEAM = LMQ45AF7J7;
				ENABLE_PREVIEWS = YES;
				GENERATE_INFOPLIST_FILE = YES;
				INFOPLIST_KEY_UIApplicationSceneManifest_Generation = YES;
				INFOPLIST_KEY_UIApplicationSupportsIndirectInputEvents = YES;
				INFOPLIST_KEY_UILaunchScreen_Generation = YES;
				INFOPLIST_KEY_UISupportedInterfaceOrientations_iPad = "UIInterfaceOrientationPortrait UIInterfaceOrientationPortraitUpsideDown UIInterfaceOrientationLandscapeLeft UIInterfaceOrientationLandscapeRight";
				INFOPLIST_KEY_UISupportedInterfaceOrientations_iPhone = "UIInterfaceOrientationPortrait UIInterfaceOrientationLandscapeLeft UIInterfaceOrientationLandscapeRight";
				LD_RUNPATH_SEARCH_PATHS = (
					"$(inherited)",
					"@executable_path/Frameworks",
				);
				MARKETING_VERSION = 1.0;
				PRODUCT_BUNDLE_IDENTIFIER = de.fabcoach.FabCoachPro;
				PRODUCT_NAME = "$(TARGET_NAME)";
				STRING_CATALOG_GENERATE_SYMBOLS = YES;
				SWIFT_APPROACHABLE_CONCURRENCY = YES;
				SWIFT_DEFAULT_ACTOR_ISOLATION = MainActor;
				SWIFT_EMIT_LOC_STRINGS = YES;
				SWIFT_OPTIMIZATION_LEVEL = "-Onone";
				SWIFT_UPCOMING_FEATURE_MEMBER_IMPORT_VISIBILITY = YES;
				SWIFT_VERSION = 5.0;
				TARGETED_DEVICE_FAMILY = "1,2";
			};
			name = Debug;
		};
		5B7CDA212F4CD79A00530F8B /* Release */ = {
			isa = XCBuildConfiguration;
			buildSettings = {
				ASSETCATALOG_COMPILER_APPICON_NAME = AppIcon;
				ASSETCATALOG_COMPILER_GLOBAL_ACCENT_COLOR_NAME = AccentColor;
				CLANG_ENABLE_MODULES = YES;
				CODE_SIGN_STYLE = Automatic;
				CURRENT_PROJECT_VERSION = 1;
				DEVELOPMENT_TEAM = LMQ45AF7J7;
				ENABLE_PREVIEWS = YES;
				GENERATE_INFOPLIST_FILE = YES;
				INFOPLIST_KEY_UIApplicationSceneManifest_Generation = YES;
				INFOPLIST_KEY_UIApplicationSupportsIndirectInputEvents = YES;
				INFOPLIST_KEY_UILaunchScreen_Generation = YES;
				INFOPLIST_KEY_UISupportedInterfaceOrientations_iPad = "UIInterfaceOrientationPortrait UIInterfaceOrientationPortraitUpsideDown UIInterfaceOrientationLandscapeLeft UIInterfaceOrientationLandscapeRight";
				INFOPLIST_KEY_UISupportedInterfaceOrientations_iPhone = "UIInterfaceOrientationPortrait UIInterfaceOrientationLandscapeLeft UIInterfaceOrientationLandscapeRight";
				LD_RUNPATH_SEARCH_PATHS = (
					"$(inherited)",
					"@executable_path/Frameworks",
				);
				MARKETING_VERSION = 1.0;
				PRODUCT_BUNDLE_IDENTIFIER = de.fabcoach.FabCoachPro;
				PRODUCT_NAME = "$(TARGET_NAME)";
				STRING_CATALOG_GENERATE_SYMBOLS = YES;
				SWIFT_APPROACHABLE_CONCURRENCY = YES;
				SWIFT_DEFAULT_ACTOR_ISOLATION = MainActor;
				SWIFT_EMIT_LOC_STRINGS = YES;
				SWIFT_UPCOMING_FEATURE_MEMBER_IMPORT_VISIBILITY = YES;
				SWIFT_VERSION = 5.0;
				TARGETED_DEVICE_FAMILY = "1,2";
			};
			name = Release;
		};
/* End XCBuildConfiguration section */

/* Begin XCConfigurationList section */
		5B7CDA0F2F4CD79700530F8B /* Build configuration list for PBXProject "FabCoachPro" */ = {
			isa = XCConfigurationList;
			buildConfigurations = (
				5B7CDA1D2F4CD79A00530F8B /* Debug */,
				5B7CDA1E2F4CD79A00530F8B /* Release */,
			);
			defaultConfigurationIsVisible = 0;
			defaultConfigurationName = Release;
		};
		5B7CDA1F2F4CD79A00530F8B /* Build configuration list for PBXNativeTarget "FabCoachPro" */ = {
			isa = XCConfigurationList;
			buildConfigurations = (
				5B7CDA202F4CD79A00530F8B /* Debug */,
				5B7CDA212F4CD79A00530F8B /* Release */,
			);
			defaultConfigurationIsVisible = 0;
			defaultConfigurationName = Release;
		};
/* End XCConfigurationList section */
	};
	rootObject = 5B7CDA0C2F4CD79700530F8B /* Project object */;
}
